
Microsoft Visual Studio Solution File, Format Version 12.00
# Visual Studio 15
Project("{FAE04EC0-301F-11D3-BF4B-00C04F79EFBC}") = "Assembly-CSharp", "Assembly-CSharp.csproj", "{17C1EF39-73DD-19F0-5DF8-C4F48A9DC4EC}"
EndProject
Project("{FAE04EC0-301F-11D3-BF4B-00C04F79EFBC}") = "Fusion.Addressables", "Fusion.Addressables.csproj", "{56ABDDE5-A950-2B6C-92CE-A60E8404E087}"
EndProject
Project("{FAE04EC0-301F-11D3-BF4B-00C04F79EFBC}") = "Unity.Fusion.CodeGen", "Unity.Fusion.CodeGen.csproj", "{16C6E958-1BBC-69C3-1139-F506E29EE30F}"
EndProject
Project("{FAE04EC0-301F-11D3-BF4B-00C04F79EFBC}") = "Fusion.Editor", "Fusion.Editor.csproj", "{BC63E440-1C47-F40A-2B30-F4D5BF8BBC4E}"
EndProject
Project("{FAE04EC0-301F-11D3-BF4B-00C04F79EFBC}") = "Assembly-CSharp-Editor", "Assembly-CSharp-Editor.csproj", "{3A73182C-4D04-B57F-9EC4-11A18C91CC46}"
EndProject
Global
	GlobalSection(SolutionConfigurationPlatforms) = preSolution
		Debug|Any CPU = Debug|Any CPU
		Release|Any CPU = Release|Any CPU
	EndGlobalSection
	GlobalSection(ProjectConfigurationPlatforms) = postSolution
		{17C1EF39-73DD-19F0-5DF8-C4F48A9DC4EC}.Debug|Any CPU.ActiveCfg = Debug|Any CPU
		{17C1EF39-73DD-19F0-5DF8-C4F48A9DC4EC}.Debug|Any CPU.Build.0 = Debug|Any CPU
		{17C1EF39-73DD-19F0-5DF8-C4F48A9DC4EC}.Release|Any CPU.ActiveCfg = Release|Any CPU
		{17C1EF39-73DD-19F0-5DF8-C4F48A9DC4EC}.Release|Any CPU.Build.0 = Release|Any CPU
		{56ABDDE5-A950-2B6C-92CE-A60E8404E087}.Debug|Any CPU.ActiveCfg = Debug|Any CPU
		{56ABDDE5-A950-2B6C-92CE-A60E8404E087}.Debug|Any CPU.Build.0 = Debug|Any CPU
		{56ABDDE5-A950-2B6C-92CE-A60E8404E087}.Release|Any CPU.ActiveCfg = Release|Any CPU
		{56ABDDE5-A950-2B6C-92CE-A60E8404E087}.Release|Any CPU.Build.0 = Release|Any CPU
		{16C6E958-1BBC-69C3-1139-F506E29EE30F}.Debug|Any CPU.ActiveCfg = Debug|Any CPU
		{16C6E958-1BBC-69C3-1139-F506E29EE30F}.Debug|Any CPU.Build.0 = Debug|Any CPU
		{16C6E958-1BBC-69C3-1139-F506E29EE30F}.Release|Any CPU.ActiveCfg = Release|Any CPU
		{16C6E958-1BBC-69C3-1139-F506E29EE30F}.Release|Any CPU.Build.0 = Release|Any CPU
		{BC63E440-1C47-F40A-2B30-F4D5BF8BBC4E}.Debug|Any CPU.ActiveCfg = Debug|Any CPU
		{BC63E440-1C47-F40A-2B30-F4D5BF8BBC4E}.Debug|Any CPU.Build.0 = Debug|Any CPU
		{BC63E440-1C47-F40A-2B30-F4D5BF8BBC4E}.Release|Any CPU.ActiveCfg = Release|Any CPU
		{BC63E440-1C47-F40A-2B30-F4D5BF8BBC4E}.Release|Any CPU.Build.0 = Release|Any CPU
		{3A73182C-4D04-B57F-9EC4-11A18C91CC46}.Debug|Any CPU.ActiveCfg = Debug|Any CPU
		{3A73182C-4D04-B57F-9EC4-11A18C91CC46}.Debug|Any CPU.Build.0 = Debug|Any CPU
		{3A73182C-4D04-B57F-9EC4-11A18C91CC46}.Release|Any CPU.ActiveCfg = Release|Any CPU
		{3A73182C-4D04-B57F-9EC4-11A18C91CC46}.Release|Any CPU.Build.0 = Release|Any CPU
	EndGlobalSection
	GlobalSection(SolutionProperties) = preSolution
		HideSolutionNode = FALSE
	EndGlobalSection
EndGlobal
